Microsoft Visual Studio Solution File, Format Version 12.00
# Visual Studio Version 17
VisualStudioVersion = 17.5.2.0
MinimumVisualStudioVersion = 10.0.40219.1
Project("{FAE04EC0-301F-11D3-BF4B-00C04F79EFBC}") = "Boatify", "Boatify.csproj", "{7F574F7F-A197-98E4-1829-465EFB7293D7}"
EndProject
Global
	GlobalSection(SolutionConfigurationPlatforms) = preSolution
		Debug|Any CPU = Debug|Any CPU
		Release|Any CPU = Release|Any CPU
	EndGlobalSection
	GlobalSection(ProjectConfigurationPlatforms) = postSolution
		{7F574F7F-A197-98E4-1829-465EFB7293D7}.Debug|Any CPU.ActiveCfg = Debug|Any CPU
		{7F574F7F-A197-98E4-1829-465EFB7293D7}.Debug|Any CPU.Build.0 = Debug|Any CPU
		{7F574F7F-A197-98E4-1829-465EFB7293D7}.Release|Any CPU.ActiveCfg = Release|Any CPU
		{7F574F7F-A197-98E4-1829-465EFB7293D7}.Release|Any CPU.Build.0 = Release|Any CPU
	EndGlobalSection
	GlobalSection(SolutionProperties) = preSolution
		HideSolutionNode = FALSE
	EndGlobalSection
	GlobalSection(ExtensibilityGlobals) = postSolution
		SolutionGuid = {94D3AB24-6E28-489C-86F0-66BDE84D4DB2}
	EndGlobalSection
EndGlobal
